
Microsoft Visual Studio Solution File, Format Version 12.00
# Visual Studio 15
VisualStudioVersion = 15.0.28307.902
MinimumVisualStudioVersion = 10.0.40219.1
Project("{FAE04EC0-301F-11D3-BF4B-00C04F79EFBC}") = "Akvelon RPG SAGA", "Akvelon RPG SAGA\Akvelon RPG SAGA.csproj", "{F16BB32A-85BE-49EB-8DC4-0DE14D059FAD}"
EndProject
Global
	GlobalSection(SolutionConfigurationPlatforms) = preSolution
		Debug|Any CPU = Debug|Any CPU
		Release|Any CPU = Release|Any CPU
	EndGlobalSection
	GlobalSection(ProjectConfigurationPlatforms) = postSolution
		{F16BB32A-85BE-49EB-8DC4-0DE14D059FAD}.Debug|Any CPU.ActiveCfg = Debug|Any CPU
		{F16BB32A-85BE-49EB-8DC4-0DE14D059FAD}.Debug|Any CPU.Build.0 = Debug|Any CPU
		{F16BB32A-85BE-49EB-8DC4-0DE14D059FAD}.Release|Any CPU.ActiveCfg = Release|Any CPU
		{F16BB32A-85BE-49EB-8DC4-0DE14D059FAD}.Release|Any CPU.Build.0 = Release|Any CPU
	EndGlobalSection
	GlobalSection(SolutionProperties) = preSolution
		HideSolutionNode = FALSE
	EndGlobalSection
	GlobalSection(ExtensibilityGlobals) = postSolution
		SolutionGuid = {D6865CE4-4393-4BB5-A00E-69D93F462970}
	EndGlobalSection
EndGlobal
